
Microsoft Visual Studio Solution File, Format Version 12.00
# Visual Studio Version 17
VisualStudioVersion = 17.6.33712.159
MinimumVisualStudioVersion = 10.0.40219.1
Project("{9A19103F-16F7-4668-BE54-9A1E7A4F7556}") = "AOEOTechEditorLibrary", "AOEOTechEditorLibrary.csproj", "{D6CBE3FE-8977-487C-B4D4-412ECB6A5E00}"
EndProject
Global
	GlobalSection(SolutionConfigurationPlatforms) = preSolution
		Debug|Any CPU = Debug|Any CPU
		Release|Any CPU = Release|Any CPU
	EndGlobalSection
	GlobalSection(ProjectConfigurationPlatforms) = postSolution
		{D6CBE3FE-8977-487C-B4D4-412ECB6A5E00}.Debug|Any CPU.ActiveCfg = Debug|Any CPU
		{D6CBE3FE-8977-487C-B4D4-412ECB6A5E00}.Debug|Any CPU.Build.0 = Debug|Any CPU
		{D6CBE3FE-8977-487C-B4D4-412ECB6A5E00}.Release|Any CPU.ActiveCfg = Release|Any CPU
		{D6CBE3FE-8977-487C-B4D4-412ECB6A5E00}.Release|Any CPU.Build.0 = Release|Any CPU
	EndGlobalSection
	GlobalSection(SolutionProperties) = preSolution
		HideSolutionNode = FALSE
	EndGlobalSection
	GlobalSection(ExtensibilityGlobals) = postSolution
		SolutionGuid = {B26FA11A-2F0E-4010-9C81-52B47B3504B4}
	EndGlobalSection
EndGlobal
